
Microsoft Visual Studio Solution File, Format Version 12.00
# Visual Studio Version 17
VisualStudioVersion = 17.12.35728.132
MinimumVisualStudioVersion = 10.0.40219.1
Project("{FAE04EC0-301F-11D3-BF4B-00C04F79EFBC}") = "WpfLanguageManager", "WpfLanguageManager\WpfLanguageManager.csproj", "{D7CE9B99-0C2E-4458-8DF6-95D38D9B48BC}"
EndProject
Project("{FAE04EC0-301F-11D3-BF4B-00C04F79EFBC}") = "Demo", "Demo\Demo.csproj", "{6CDA613A-CE0F-4F25-B722-B7766287FE3D}"
EndProject
Project("{2150E333-8FDC-42A3-9474-1A3956D46DE8}") = "解决方案项", "解决方案项", "{EC429FD1-3438-4041-BC40-8A288BE9652C}"
	ProjectSection(SolutionItems) = preProject
		README.md = README.md
	EndProjectSection
EndProject
Project("{FAE04EC0-301F-11D3-BF4B-00C04F79EFBC}") = "WpfApp1", "WpfApp1\WpfApp1.csproj", "{F344214F-2BD9-4856-BDDC-CA0B00DDE53B}"
EndProject
Project("{FAE04EC0-301F-11D3-BF4B-00C04F79EFBC}") = "LanguageEditor", "LanguageEditor\LanguageEditor.csproj", "{CA4F4F26-632E-48AA-BDC0-C34504DBFE31}"
EndProject
Global
	GlobalSection(SolutionConfigurationPlatforms) = preSolution
		Debug|Any CPU = Debug|Any CPU
		Release|Any CPU = Release|Any CPU
	EndGlobalSection
	GlobalSection(ProjectConfigurationPlatforms) = postSolution
		{D7CE9B99-0C2E-4458-8DF6-95D38D9B48BC}.Debug|Any CPU.ActiveCfg = Debug|Any CPU
		{D7CE9B99-0C2E-4458-8DF6-95D38D9B48BC}.Debug|Any CPU.Build.0 = Debug|Any CPU
		{D7CE9B99-0C2E-4458-8DF6-95D38D9B48BC}.Release|Any CPU.ActiveCfg = Release|Any CPU
		{D7CE9B99-0C2E-4458-8DF6-95D38D9B48BC}.Release|Any CPU.Build.0 = Release|Any CPU
		{6CDA613A-CE0F-4F25-B722-B7766287FE3D}.Debug|Any CPU.ActiveCfg = Debug|Any CPU
		{6CDA613A-CE0F-4F25-B722-B7766287FE3D}.Debug|Any CPU.Build.0 = Debug|Any CPU
		{6CDA613A-CE0F-4F25-B722-B7766287FE3D}.Release|Any CPU.ActiveCfg = Release|Any CPU
		{6CDA613A-CE0F-4F25-B722-B7766287FE3D}.Release|Any CPU.Build.0 = Release|Any CPU
		{F344214F-2BD9-4856-BDDC-CA0B00DDE53B}.Debug|Any CPU.ActiveCfg = Debug|Any CPU
		{F344214F-2BD9-4856-BDDC-CA0B00DDE53B}.Debug|Any CPU.Build.0 = Debug|Any CPU
		{F344214F-2BD9-4856-BDDC-CA0B00DDE53B}.Release|Any CPU.ActiveCfg = Release|Any CPU
		{F344214F-2BD9-4856-BDDC-CA0B00DDE53B}.Release|Any CPU.Build.0 = Release|Any CPU
		{CA4F4F26-632E-48AA-BDC0-C34504DBFE31}.Debug|Any CPU.ActiveCfg = Debug|Any CPU
		{CA4F4F26-632E-48AA-BDC0-C34504DBFE31}.Debug|Any CPU.Build.0 = Debug|Any CPU
		{CA4F4F26-632E-48AA-BDC0-C34504DBFE31}.Release|Any CPU.ActiveCfg = Release|Any CPU
		{CA4F4F26-632E-48AA-BDC0-C34504DBFE31}.Release|Any CPU.Build.0 = Release|Any CPU
	EndGlobalSection
	GlobalSection(SolutionProperties) = preSolution
		HideSolutionNode = FALSE
	EndGlobalSection
	GlobalSection(ExtensibilityGlobals) = postSolution
		SolutionGuid = {1D4CC035-20EA-453E-A6BF-C840EB13FCA3}
	EndGlobalSection
EndGlobal
